
Microsoft Visual Studio Solution File, Format Version 12.00
# Visual Studio 2013
Project("{8BC9CEB8-8B4A-11D0-8D11-00A0C91BC942}") = "MeshVoxels", "MeshVoxels.vcxproj", "{F8A5927F-B5DD-44D7-85A0-7BE79F8B9A5E}"
EndProject
Global
	GlobalSection(SolutionConfigurationPlatforms) = preSolution
		Debug|Win32 = Debug|Win32
		Release|Win32 = Release|Win32
	EndGlobalSection
	GlobalSection(ProjectConfigurationPlatforms) = postSolution
		{F8A5927F-B5DD-44D7-85A0-7BE79F8B9A5E}.Debug|Win32.ActiveCfg = Debug|Win32
		{F8A5927F-B5DD-44D7-85A0-7BE79F8B9A5E}.Debug|Win32.Build.0 = Debug|Win32
		{F8A5927F-B5DD-44D7-85A0-7BE79F8B9A5E}.Release|Win32.ActiveCfg = Release|Win32
		{F8A5927F-B5DD-44D7-85A0-7BE79F8B9A5E}.Release|Win32.Build.0 = Release|Win32
	EndGlobalSection
	GlobalSection(SolutionProperties) = preSolution
		HideSolutionNode = FALSE
	EndGlobalSection
EndGlobal
