<Project ToolsVersion="4.0" xmlns="http://schemas.microsoft.com/developer/msbuild/2003">
  <ItemGroup>
    <Filter Include="Source Files">
      <UniqueIdentifier>{4FC737F1-C7A5-4376-A066-2A32D752A2FF}</UniqueIdentifier>
      <Extensions>cpp;c;cc;cxx;def;odl;idl;hpj;bat;asm;asmx</Extensions>
    </Filter>
    <Filter Include="Header Files">
      <UniqueIdentifier>{93995380-89BD-4b04-88EB-625FBE52EBFB}</UniqueIdentifier>
      <Extensions>h;hpp;hxx;hm;inl;inc;xsd</Extensions>
    </Filter>
    <Filter Include="Resource Files">
      <UniqueIdentifier>{67DA6AB6-F800-4c08-8B7A-83BB121AAD01}</UniqueIdentifier>
      <Extensions>rc;ico;cur;bmp;dlg;rc2;rct;bin;rgs;gif;jpg;jpeg;jpe;resx;tiff;tif;png;wav</Extensions>
    </Filter>
    <Filter Include="Blocks">
      <UniqueIdentifier>{4D40D137-45DF-4470-83A7-C81C9D78EEA2}</UniqueIdentifier>
    </Filter>
    <Filter Include="Blocks\SpacePartitioning">
      <UniqueIdentifier>{414C9A31-532B-4B01-94A9-7FF63E7BB0DF}</UniqueIdentifier>
    </Filter>
    <Filter Include="Blocks\SpacePartitioning\include">
      <UniqueIdentifier>{99A7FFB2-2ADE-4806-91F3-07661089BD8C}</UniqueIdentifier>
    </Filter>
    <Filter Include="Blocks\SpacePartitioning\src">
      <UniqueIdentifier>{00590BD2-3620-4AB2-9080-0138F7AE86A4}</UniqueIdentifier>
    </Filter>
  </ItemGroup>
  <ItemGroup>
    <ClCompile Include="..\src\Particles2dApp.cpp">
      <Filter>Source Files</Filter>
    </ClCompile>
    <ClCompile Include="..\src\Particles2dApp.cpp">
      <Filter>Source Files</Filter>
    </ClCompile>
    <ClInclude Include="..\include\Resources.h">
      <Filter>Header Files</Filter>
    </ClInclude>
    <ClInclude Include="..\..\..\include\SpacePartitioning.h">
      <Filter>Blocks\SpacePartitioning\include</Filter>
    </ClInclude>
    <ClCompile Include="..\..\..\src\SpacePartitioning.cpp">
      <Filter>Blocks\SpacePartitioning\src</Filter>
    </ClCompile>
  </ItemGroup>
  <ItemGroup>
    <ClInclude Include="..\include\Resources.h">
      <Filter>Header Files</Filter>
    </ClInclude>
  </ItemGroup>
  <ItemGroup>
    <ResourceCompile Include="Resources.rc">
      <Filter>Resource Files</Filter>
    </ResourceCompile>
  </ItemGroup>
</Project>
